
Microsoft Visual Studio Solution File, Format Version 12.00
# Visual Studio 15
VisualStudioVersion = 15.0.28307.645
MinimumVisualStudioVersion = 10.0.40219.1
Project("{F184B08F-C81C-45F6-A57F-5ABD9991F28F}") = "ixxatvb", "ixxatvb\ixxatvb.vbproj", "{ED934D73-37D1-43A4-8D9B-1A0994E77282}"
EndProject
Global
	GlobalSection(SolutionConfigurationPlatforms) = preSolution
		Debug|Any CPU = Debug|Any CPU
		Release|Any CPU = Release|Any CPU
	EndGlobalSection
	GlobalSection(ProjectConfigurationPlatforms) = postSolution
		{ED934D73-37D1-43A4-8D9B-1A0994E77282}.Debug|Any CPU.ActiveCfg = Debug|Any CPU
		{ED934D73-37D1-43A4-8D9B-1A0994E77282}.Debug|Any CPU.Build.0 = Debug|Any CPU
		{ED934D73-37D1-43A4-8D9B-1A0994E77282}.Release|Any CPU.ActiveCfg = Release|Any CPU
		{ED934D73-37D1-43A4-8D9B-1A0994E77282}.Release|Any CPU.Build.0 = Release|Any CPU
	EndGlobalSection
	GlobalSection(SolutionProperties) = preSolution
		HideSolutionNode = FALSE
	EndGlobalSection
	GlobalSection(ExtensibilityGlobals) = postSolution
		SolutionGuid = {4D042282-666E-42AB-A9FB-41D476F6F7F7}
	EndGlobalSection
EndGlobal
